
Microsoft Visual Studio Solution File, Format Version 12.00
# Visual Studio Version 17
VisualStudioVersion = 17.0.32126.317
MinimumVisualStudioVersion = 10.0.40219.1
Project("{FAE04EC0-301F-11D3-BF4B-00C04F79EFBC}") = "PersonAPI", "PersonAPI\PersonAPI.csproj", "{662AF8D2-D21F-4E08-89A9-8D2A3B1B03AE}"
EndProject
Project("{FAE04EC0-301F-11D3-BF4B-00C04F79EFBC}") = "Person.DAL", "Person.DAL\Person.DAL.csproj", "{F321243E-A872-4042-9E5B-CAE7581BDAAD}"
EndProject
Project("{FAE04EC0-301F-11D3-BF4B-00C04F79EFBC}") = "Person.Common", "Person.Common\Person.Common.csproj", "{38C610C2-1137-4F9E-A694-CCF538ADB5E4}"
EndProject
Project("{FAE04EC0-301F-11D3-BF4B-00C04F79EFBC}") = "Person.BLL", "Person.BLL\Person.BLL.csproj", "{02810D9D-3B13-421E-B79D-77C9000E19C9}"
EndProject
Global
	GlobalSection(SolutionConfigurationPlatforms) = preSolution
		Debug|Any CPU = Debug|Any CPU
		Release|Any CPU = Release|Any CPU
	EndGlobalSection
	GlobalSection(ProjectConfigurationPlatforms) = postSolution
		{662AF8D2-D21F-4E08-89A9-8D2A3B1B03AE}.Debug|Any CPU.ActiveCfg = Debug|Any CPU
		{662AF8D2-D21F-4E08-89A9-8D2A3B1B03AE}.Debug|Any CPU.Build.0 = Debug|Any CPU
		{662AF8D2-D21F-4E08-89A9-8D2A3B1B03AE}.Release|Any CPU.ActiveCfg = Release|Any CPU
		{662AF8D2-D21F-4E08-89A9-8D2A3B1B03AE}.Release|Any CPU.Build.0 = Release|Any CPU
		{F321243E-A872-4042-9E5B-CAE7581BDAAD}.Debug|Any CPU.ActiveCfg = Debug|Any CPU
		{F321243E-A872-4042-9E5B-CAE7581BDAAD}.Debug|Any CPU.Build.0 = Debug|Any CPU
		{F321243E-A872-4042-9E5B-CAE7581BDAAD}.Release|Any CPU.ActiveCfg = Release|Any CPU
		{F321243E-A872-4042-9E5B-CAE7581BDAAD}.Release|Any CPU.Build.0 = Release|Any CPU
		{38C610C2-1137-4F9E-A694-CCF538ADB5E4}.Debug|Any CPU.ActiveCfg = Debug|Any CPU
		{38C610C2-1137-4F9E-A694-CCF538ADB5E4}.Debug|Any CPU.Build.0 = Debug|Any CPU
		{38C610C2-1137-4F9E-A694-CCF538ADB5E4}.Release|Any CPU.ActiveCfg = Release|Any CPU
		{38C610C2-1137-4F9E-A694-CCF538ADB5E4}.Release|Any CPU.Build.0 = Release|Any CPU
		{02810D9D-3B13-421E-B79D-77C9000E19C9}.Debug|Any CPU.ActiveCfg = Debug|Any CPU
		{02810D9D-3B13-421E-B79D-77C9000E19C9}.Debug|Any CPU.Build.0 = Debug|Any CPU
		{02810D9D-3B13-421E-B79D-77C9000E19C9}.Release|Any CPU.ActiveCfg = Release|Any CPU
		{02810D9D-3B13-421E-B79D-77C9000E19C9}.Release|Any CPU.Build.0 = Release|Any CPU
	EndGlobalSection
	GlobalSection(SolutionProperties) = preSolution
		HideSolutionNode = FALSE
	EndGlobalSection
	GlobalSection(ExtensibilityGlobals) = postSolution
		SolutionGuid = {881A4383-97BA-4C1B-914C-C12A9209325E}
	EndGlobalSection
EndGlobal
